
Microsoft Visual Studio Solution File, Format Version 12.00
# Visual Studio Version 16
VisualStudioVersion = 16.0.31105.61
MinimumVisualStudioVersion = 10.0.40219.1
Project("{9A19103F-16F7-4668-BE54-9A1E7A4F7556}") = "Refactoring.UnitTest", "test\Refactoring.UnitTest\Refactoring.UnitTest.csproj", "{440FF19D-DD0C-49EB-9C24-DBF6DF8EDA07}"
EndProject
Project("{9A19103F-16F7-4668-BE54-9A1E7A4F7556}") = "Refactoring", "src\Refactoring\Refactoring.csproj", "{C4ED9EC0-6EA2-4B98-86C8-5C18F0C12ED1}"
EndProject
Project("{2150E333-8FDC-42A3-9474-1A3956D46DE8}") = "src", "src", "{63F10C73-0ECE-4D46-A2EB-DBC0E3E372CA}"
EndProject
Project("{2150E333-8FDC-42A3-9474-1A3956D46DE8}") = "test", "test", "{C7428566-00A4-4E96-AE87-BFF70CCAC010}"
EndProject
Project("{FAE04EC0-301F-11D3-BF4B-00C04F79EFBC}") = "Refactoring.Movie", "src\Refactoring.Movie\Refactoring.Movie.csproj", "{9570719F-679E-45FB-A272-2F67D026BFC0}"
EndProject
Project("{FAE04EC0-301F-11D3-BF4B-00C04F79EFBC}") = "Refactoring.MovieUnitTest", "test\Refactoring.MovieUnitTest\Refactoring.MovieUnitTest.csproj", "{650D4764-B421-4917-9700-DF09E66C5019}"
EndProject
Global
	GlobalSection(SolutionConfigurationPlatforms) = preSolution
		Debug|Any CPU = Debug|Any CPU
		Release|Any CPU = Release|Any CPU
	EndGlobalSection
	GlobalSection(ProjectConfigurationPlatforms) = postSolution
		{440FF19D-DD0C-49EB-9C24-DBF6DF8EDA07}.Debug|Any CPU.ActiveCfg = Debug|Any CPU
		{440FF19D-DD0C-49EB-9C24-DBF6DF8EDA07}.Debug|Any CPU.Build.0 = Debug|Any CPU
		{440FF19D-DD0C-49EB-9C24-DBF6DF8EDA07}.Release|Any CPU.ActiveCfg = Release|Any CPU
		{440FF19D-DD0C-49EB-9C24-DBF6DF8EDA07}.Release|Any CPU.Build.0 = Release|Any CPU
		{C4ED9EC0-6EA2-4B98-86C8-5C18F0C12ED1}.Debug|Any CPU.ActiveCfg = Debug|Any CPU
		{C4ED9EC0-6EA2-4B98-86C8-5C18F0C12ED1}.Debug|Any CPU.Build.0 = Debug|Any CPU
		{C4ED9EC0-6EA2-4B98-86C8-5C18F0C12ED1}.Release|Any CPU.ActiveCfg = Release|Any CPU
		{C4ED9EC0-6EA2-4B98-86C8-5C18F0C12ED1}.Release|Any CPU.Build.0 = Release|Any CPU
		{9570719F-679E-45FB-A272-2F67D026BFC0}.Debug|Any CPU.ActiveCfg = Debug|Any CPU
		{9570719F-679E-45FB-A272-2F67D026BFC0}.Debug|Any CPU.Build.0 = Debug|Any CPU
		{9570719F-679E-45FB-A272-2F67D026BFC0}.Release|Any CPU.ActiveCfg = Release|Any CPU
		{9570719F-679E-45FB-A272-2F67D026BFC0}.Release|Any CPU.Build.0 = Release|Any CPU
		{650D4764-B421-4917-9700-DF09E66C5019}.Debug|Any CPU.ActiveCfg = Debug|Any CPU
		{650D4764-B421-4917-9700-DF09E66C5019}.Debug|Any CPU.Build.0 = Debug|Any CPU
		{650D4764-B421-4917-9700-DF09E66C5019}.Release|Any CPU.ActiveCfg = Release|Any CPU
		{650D4764-B421-4917-9700-DF09E66C5019}.Release|Any CPU.Build.0 = Release|Any CPU
	EndGlobalSection
	GlobalSection(SolutionProperties) = preSolution
		HideSolutionNode = FALSE
	EndGlobalSection
	GlobalSection(NestedProjects) = preSolution
		{440FF19D-DD0C-49EB-9C24-DBF6DF8EDA07} = {C7428566-00A4-4E96-AE87-BFF70CCAC010}
		{C4ED9EC0-6EA2-4B98-86C8-5C18F0C12ED1} = {63F10C73-0ECE-4D46-A2EB-DBC0E3E372CA}
		{9570719F-679E-45FB-A272-2F67D026BFC0} = {63F10C73-0ECE-4D46-A2EB-DBC0E3E372CA}
		{650D4764-B421-4917-9700-DF09E66C5019} = {C7428566-00A4-4E96-AE87-BFF70CCAC010}
	EndGlobalSection
	GlobalSection(ExtensibilityGlobals) = postSolution
		SolutionGuid = {979FC553-6372-41FD-AE3D-C3BF15B54653}
	EndGlobalSection
EndGlobal
